
Microsoft Visual Studio Solution File, Format Version 11.00
# Visual Studio 2010
Project("{FAE04EC0-301F-11D3-BF4B-00C04F79EFBC}") = "B14_Ex01_1", "B14_Ex01_1\B14_Ex01_1.csproj", "{3ACC5395-FB0A-440C-96ED-7178B23B2DF6}"
EndProject
Project("{FAE04EC0-301F-11D3-BF4B-00C04F79EFBC}") = "B14_Ex01_2", "B14_Ex01_2\B14_Ex01_2.csproj", "{54B87792-3B70-4B8B-91AC-278DF911C10E}"
EndProject
Project("{FAE04EC0-301F-11D3-BF4B-00C04F79EFBC}") = "B14_Ex01_3", "B14_Ex01_3\B14_Ex01_3.csproj", "{B2B61CF9-31A8-4082-8D49-810E9C200664}"
EndProject
Project("{FAE04EC0-301F-11D3-BF4B-00C04F79EFBC}") = "B14_Ex01_4", "B14_Ex01_4\B14_Ex01_4.csproj", "{C36A56DC-C5FF-42DE-90F4-0ADE54EFAAEF}"
EndProject
Project("{FAE04EC0-301F-11D3-BF4B-00C04F79EFBC}") = "B14_Ex_01_5", "B14_Ex_01_5\B14_Ex_01_5.csproj", "{770DD6CF-EC87-4026-99DF-AF4615155326}"
EndProject
Project("{2150E333-8FDC-42A3-9474-1A3956D46DE8}") = "TextFile", "TextFile", "{BDD9972E-C5B5-4975-8462-7B3BC83B76DD}"
	ProjectSection(SolutionItems) = preProject
		Report.txt = Report.txt
	EndProjectSection
EndProject
Global
	GlobalSection(SolutionConfigurationPlatforms) = preSolution
		Debug|x86 = Debug|x86
		Release|x86 = Release|x86
	EndGlobalSection
	GlobalSection(ProjectConfigurationPlatforms) = postSolution
		{3ACC5395-FB0A-440C-96ED-7178B23B2DF6}.Debug|x86.ActiveCfg = Debug|x86
		{3ACC5395-FB0A-440C-96ED-7178B23B2DF6}.Debug|x86.Build.0 = Debug|x86
		{3ACC5395-FB0A-440C-96ED-7178B23B2DF6}.Release|x86.ActiveCfg = Release|x86
		{3ACC5395-FB0A-440C-96ED-7178B23B2DF6}.Release|x86.Build.0 = Release|x86
		{54B87792-3B70-4B8B-91AC-278DF911C10E}.Debug|x86.ActiveCfg = Debug|x86
		{54B87792-3B70-4B8B-91AC-278DF911C10E}.Debug|x86.Build.0 = Debug|x86
		{54B87792-3B70-4B8B-91AC-278DF911C10E}.Release|x86.ActiveCfg = Release|x86
		{54B87792-3B70-4B8B-91AC-278DF911C10E}.Release|x86.Build.0 = Release|x86
		{B2B61CF9-31A8-4082-8D49-810E9C200664}.Debug|x86.ActiveCfg = Debug|x86
		{B2B61CF9-31A8-4082-8D49-810E9C200664}.Debug|x86.Build.0 = Debug|x86
		{B2B61CF9-31A8-4082-8D49-810E9C200664}.Release|x86.ActiveCfg = Release|x86
		{B2B61CF9-31A8-4082-8D49-810E9C200664}.Release|x86.Build.0 = Release|x86
		{C36A56DC-C5FF-42DE-90F4-0ADE54EFAAEF}.Debug|x86.ActiveCfg = Debug|x86
		{C36A56DC-C5FF-42DE-90F4-0ADE54EFAAEF}.Debug|x86.Build.0 = Debug|x86
		{C36A56DC-C5FF-42DE-90F4-0ADE54EFAAEF}.Release|x86.ActiveCfg = Release|x86
		{C36A56DC-C5FF-42DE-90F4-0ADE54EFAAEF}.Release|x86.Build.0 = Release|x86
		{770DD6CF-EC87-4026-99DF-AF4615155326}.Debug|x86.ActiveCfg = Debug|x86
		{770DD6CF-EC87-4026-99DF-AF4615155326}.Debug|x86.Build.0 = Debug|x86
		{770DD6CF-EC87-4026-99DF-AF4615155326}.Release|x86.ActiveCfg = Release|x86
		{770DD6CF-EC87-4026-99DF-AF4615155326}.Release|x86.Build.0 = Release|x86
	EndGlobalSection
	GlobalSection(SolutionProperties) = preSolution
		HideSolutionNode = FALSE
	EndGlobalSection
EndGlobal
